
Microsoft Visual Studio Solution File, Format Version 12.00
# Visual Studio Version 17
VisualStudioVersion = 17.9.34622.214
MinimumVisualStudioVersion = 10.0.40219.1
Project("{9A19103F-16F7-4668-BE54-9A1E7A4F7556}") = "Customer_Menagement_API", "API\Customer_Menagement_API.csproj", "{3B09805C-5350-48FB-B6D3-959D34ACBD33}"
EndProject
Project("{2150E333-8FDC-42A3-9474-1A3956D46DE8}") = "Adapters", "Adapters", "{4B355F34-7B67-42A3-A7A4-44EFE1C7090B}"
EndProject
Project("{2150E333-8FDC-42A3-9474-1A3956D46DE8}") = "Primary", "Primary", "{42D58859-EEDA-451E-95F1-39607E85A4B5}"
EndProject
Project("{2150E333-8FDC-42A3-9474-1A3956D46DE8}") = "Core", "Core", "{BA7FC6FC-AD8B-4E97-95EF-18458996BDE9}"
EndProject
Project("{2150E333-8FDC-42A3-9474-1A3956D46DE8}") = "Secondary", "Secondary", "{BB7E581B-CF2A-4F8F-A9C9-638FF49E0151}"
EndProject
Project("{9A19103F-16F7-4668-BE54-9A1E7A4F7556}") = "Domain", "Domain\Domain.csproj", "{1AA3E507-D728-496D-BD22-3C7DDD2953AB}"
EndProject
Project("{9A19103F-16F7-4668-BE54-9A1E7A4F7556}") = "Application", "Application\Application.csproj", "{77BD4B03-F399-46FE-9893-469A86FC505A}"
EndProject
Project("{9A19103F-16F7-4668-BE54-9A1E7A4F7556}") = "Infra.Data", "Infra.Data\Infra.Data.csproj", "{64A80E4B-305A-47E6-8833-47EF488BE801}"
EndProject
Project("{FAE04EC0-301F-11D3-BF4B-00C04F79EFBC}") = "Infra.Documents", "Infra.Documents\Infra.Documents.csproj", "{05435765-62DF-40A7-83FD-8D8EA413B032}"
EndProject
Project("{FAE04EC0-301F-11D3-BF4B-00C04F79EFBC}") = "Tests.Core", "Tests.Core\Tests.Core.csproj", "{953B25A1-E551-42C2-A943-6743256A5FBC}"
EndProject
Global
	GlobalSection(SolutionConfigurationPlatforms) = preSolution
		Debug|Any CPU = Debug|Any CPU
		Release|Any CPU = Release|Any CPU
	EndGlobalSection
	GlobalSection(ProjectConfigurationPlatforms) = postSolution
		{3B09805C-5350-48FB-B6D3-959D34ACBD33}.Debug|Any CPU.ActiveCfg = Debug|Any CPU
		{3B09805C-5350-48FB-B6D3-959D34ACBD33}.Debug|Any CPU.Build.0 = Debug|Any CPU
		{3B09805C-5350-48FB-B6D3-959D34ACBD33}.Release|Any CPU.ActiveCfg = Release|Any CPU
		{3B09805C-5350-48FB-B6D3-959D34ACBD33}.Release|Any CPU.Build.0 = Release|Any CPU
		{1AA3E507-D728-496D-BD22-3C7DDD2953AB}.Debug|Any CPU.ActiveCfg = Debug|Any CPU
		{1AA3E507-D728-496D-BD22-3C7DDD2953AB}.Debug|Any CPU.Build.0 = Debug|Any CPU
		{1AA3E507-D728-496D-BD22-3C7DDD2953AB}.Release|Any CPU.ActiveCfg = Release|Any CPU
		{1AA3E507-D728-496D-BD22-3C7DDD2953AB}.Release|Any CPU.Build.0 = Release|Any CPU
		{77BD4B03-F399-46FE-9893-469A86FC505A}.Debug|Any CPU.ActiveCfg = Debug|Any CPU
		{77BD4B03-F399-46FE-9893-469A86FC505A}.Debug|Any CPU.Build.0 = Debug|Any CPU
		{77BD4B03-F399-46FE-9893-469A86FC505A}.Release|Any CPU.ActiveCfg = Release|Any CPU
		{77BD4B03-F399-46FE-9893-469A86FC505A}.Release|Any CPU.Build.0 = Release|Any CPU
		{64A80E4B-305A-47E6-8833-47EF488BE801}.Debug|Any CPU.ActiveCfg = Debug|Any CPU
		{64A80E4B-305A-47E6-8833-47EF488BE801}.Debug|Any CPU.Build.0 = Debug|Any CPU
		{64A80E4B-305A-47E6-8833-47EF488BE801}.Release|Any CPU.ActiveCfg = Release|Any CPU
		{64A80E4B-305A-47E6-8833-47EF488BE801}.Release|Any CPU.Build.0 = Release|Any CPU
		{05435765-62DF-40A7-83FD-8D8EA413B032}.Debug|Any CPU.ActiveCfg = Debug|Any CPU
		{05435765-62DF-40A7-83FD-8D8EA413B032}.Debug|Any CPU.Build.0 = Debug|Any CPU
		{05435765-62DF-40A7-83FD-8D8EA413B032}.Release|Any CPU.ActiveCfg = Release|Any CPU
		{05435765-62DF-40A7-83FD-8D8EA413B032}.Release|Any CPU.Build.0 = Release|Any CPU
		{953B25A1-E551-42C2-A943-6743256A5FBC}.Debug|Any CPU.ActiveCfg = Debug|Any CPU
		{953B25A1-E551-42C2-A943-6743256A5FBC}.Debug|Any CPU.Build.0 = Debug|Any CPU
		{953B25A1-E551-42C2-A943-6743256A5FBC}.Release|Any CPU.ActiveCfg = Release|Any CPU
		{953B25A1-E551-42C2-A943-6743256A5FBC}.Release|Any CPU.Build.0 = Release|Any CPU
	EndGlobalSection
	GlobalSection(SolutionProperties) = preSolution
		HideSolutionNode = FALSE
	EndGlobalSection
	GlobalSection(NestedProjects) = preSolution
		{3B09805C-5350-48FB-B6D3-959D34ACBD33} = {42D58859-EEDA-451E-95F1-39607E85A4B5}
		{42D58859-EEDA-451E-95F1-39607E85A4B5} = {4B355F34-7B67-42A3-A7A4-44EFE1C7090B}
		{BB7E581B-CF2A-4F8F-A9C9-638FF49E0151} = {4B355F34-7B67-42A3-A7A4-44EFE1C7090B}
		{1AA3E507-D728-496D-BD22-3C7DDD2953AB} = {BA7FC6FC-AD8B-4E97-95EF-18458996BDE9}
		{77BD4B03-F399-46FE-9893-469A86FC505A} = {BA7FC6FC-AD8B-4E97-95EF-18458996BDE9}
		{64A80E4B-305A-47E6-8833-47EF488BE801} = {BB7E581B-CF2A-4F8F-A9C9-638FF49E0151}
		{05435765-62DF-40A7-83FD-8D8EA413B032} = {BB7E581B-CF2A-4F8F-A9C9-638FF49E0151}
		{953B25A1-E551-42C2-A943-6743256A5FBC} = {BA7FC6FC-AD8B-4E97-95EF-18458996BDE9}
	EndGlobalSection
	GlobalSection(ExtensibilityGlobals) = postSolution
		SolutionGuid = {7D846CD3-E369-4DD6-84BF-5C8B49F03601}
	EndGlobalSection
EndGlobal
